// !$*UTF8*$!
{
	archiveVersion = 1;
	classes = {
	};
	objectVersion = 56;
	objects = {

/* Begin PBXBuildFile section */
		B0391C8F2A05568600A7D450 /* MarvelRepository.swift in Sources */ = {isa = PBXBuildFile; fileRef = B0391C8E2A05568600A7D450 /* MarvelRepository.swift */; };
		B0391C912A056DDC00A7D450 /* ApiRepo+Comics.swift in Sources */ = {isa = PBXBuildFile; fileRef = B0391C902A056DDC00A7D450 /* ApiRepo+Comics.swift */; };
		B0391C942A05731700A7D450 /* PagerContainer.swift in Sources */ = {isa = PBXBuildFile; fileRef = B0391C932A05731700A7D450 /* PagerContainer.swift */; };
		B0391C962A057D8900A7D450 /* HeroComicsVC.swift in Sources */ = {isa = PBXBuildFile; fileRef = B0391C952A057D8900A7D450 /* HeroComicsVC.swift */; };
		B050900829FAC6EC00A3AC7E /* HeroeCell.swift in Sources */ = {isa = PBXBuildFile; fileRef = B050900729FAC6EC00A3AC7E /* HeroeCell.swift */; };
		B050900A29FAE55D00A3AC7E /* MyImageView.swift in Sources */ = {isa = PBXBuildFile; fileRef = B050900929FAE55D00A3AC7E /* MyImageView.swift */; };
		B05FDAB02A041B880097D064 /* View.swift in Sources */ = {isa = PBXBuildFile; fileRef = B05FDAAF2A041B880097D064 /* View.swift */; };
		B05FDAB22A0420300097D064 /* DataCell.swift in Sources */ = {isa = PBXBuildFile; fileRef = B05FDAB12A0420300097D064 /* DataCell.swift */; };
		B0B6866029F1A44E00A56445 /* AppDelegate.swift in Sources */ = {isa = PBXBuildFile; fileRef = B0B6865F29F1A44E00A56445 /* AppDelegate.swift */; };
		B0B6866229F1A44E00A56445 /* SceneDelegate.swift in Sources */ = {isa = PBXBuildFile; fileRef = B0B6866129F1A44E00A56445 /* SceneDelegate.swift */; };
		B0B6866429F1A44E00A56445 /* HeroesListVC.swift in Sources */ = {isa = PBXBuildFile; fileRef = B0B6866329F1A44E00A56445 /* HeroesListVC.swift */; };
		B0B6866729F1A44E00A56445 /* Main.storyboard in Resources */ = {isa = PBXBuildFile; fileRef = B0B6866529F1A44E00A56445 /* Main.storyboard */; };
		B0B6866929F1A44F00A56445 /* Assets.xcassets in Resources */ = {isa = PBXBuildFile; fileRef = B0B6866829F1A44F00A56445 /* Assets.xcassets */; };
		B0B6866C29F1A44F00A56445 /* LaunchScreen.storyboard in Resources */ = {isa = PBXBuildFile; fileRef = B0B6866A29F1A44F00A56445 /* LaunchScreen.storyboard */; };
		B0CD772329FC2D7A00972E8D /* ApiRepo.swift in Sources */ = {isa = PBXBuildFile; fileRef = B0CD772229FC2D7A00972E8D /* ApiRepo.swift */; };
		B0CD772529FC3B9400972E8D /* ApiRepo+Heroes.swift in Sources */ = {isa = PBXBuildFile; fileRef = B0CD772429FC3B9400972E8D /* ApiRepo+Heroes.swift */; };
		B0CD772D29FC43F600972E8D /* HeroDetailVC.swift in Sources */ = {isa = PBXBuildFile; fileRef = B0CD772C29FC43F600972E8D /* HeroDetailVC.swift */; };
		B0E6BCEC2A0D317E0040C5FA /* HeroesDetailPagerVC.swift in Sources */ = {isa = PBXBuildFile; fileRef = B0E6BCEB2A0D317E0040C5FA /* HeroesDetailPagerVC.swift */; };
		B0E6BCEE2A0D5A740040C5FA /* HeroSeriesVC.swift in Sources */ = {isa = PBXBuildFile; fileRef = B0E6BCED2A0D5A740040C5FA /* HeroSeriesVC.swift */; };
		B0E6BCF02A0D5B580040C5FA /* ApiRepo+Series.swift in Sources */ = {isa = PBXBuildFile; fileRef = B0E6BCEF2A0D5B580040C5FA /* ApiRepo+Series.swift */; };
		B0E6BCF22A0D662A0040C5FA /* ApiRepo+Stories.swift in Sources */ = {isa = PBXBuildFile; fileRef = B0E6BCF12A0D662A0040C5FA /* ApiRepo+Stories.swift */; };
		B0E6BCF42A0D66D70040C5FA /* HeroStoriesVC.swift in Sources */ = {isa = PBXBuildFile; fileRef = B0E6BCF32A0D66D70040C5FA /* HeroStoriesVC.swift */; };
/* End PBXBuildFile section */

/* Begin PBXFileReference section */
		B0391C8E2A05568600A7D450 /* MarvelRepository.swift */ = {isa = PBXFileReference; lastKnownFileType = sourcecode.swift; path = MarvelRepository.swift; sourceTree = "<group>"; };
		B0391C902A056DDC00A7D450 /* ApiRepo+Comics.swift */ = {isa = PBXFileReference; lastKnownFileType = sourcecode.swift; path = "ApiRepo+Comics.swift"; sourceTree = "<group>"; };
		B0391C932A05731700A7D450 /* PagerContainer.swift */ = {isa = PBXFileReference; lastKnownFileType = sourcecode.swift; path = PagerContainer.swift; sourceTree = "<group>"; };
		B0391C952A057D8900A7D450 /* HeroComicsVC.swift */ = {isa = PBXFileReference; lastKnownFileType = sourcecode.swift; path = HeroComicsVC.swift; sourceTree = "<group>"; };
		B050900729FAC6EC00A3AC7E /* HeroeCell.swift */ = {isa = PBXFileReference; lastKnownFileType = sourcecode.swift; path = HeroeCell.swift; sourceTree = "<group>"; };
		B050900929FAE55D00A3AC7E /* MyImageView.swift */ = {isa = PBXFileReference; lastKnownFileType = sourcecode.swift; path = MyImageView.swift; sourceTree = "<group>"; };
		B05FDAAF2A041B880097D064 /* View.swift */ = {isa = PBXFileReference; lastKnownFileType = sourcecode.swift; path = View.swift; sourceTree = "<group>"; };
		B05FDAB12A0420300097D064 /* DataCell.swift */ = {isa = PBXFileReference; lastKnownFileType = sourcecode.swift; path = DataCell.swift; sourceTree = "<group>"; };
		B0B6865C29F1A44E00A56445 /* AA1_Marvel.app */ = {isa = PBXFileReference; explicitFileType = wrapper.application; includeInIndex = 0; path = AA1_Marvel.app; sourceTree = BUILT_PRODUCTS_DIR; };
		B0B6865F29F1A44E00A56445 /* AppDelegate.swift */ = {isa = PBXFileReference; lastKnownFileType = sourcecode.swift; path = AppDelegate.swift; sourceTree = "<group>"; };
		B0B6866129F1A44E00A56445 /* SceneDelegate.swift */ = {isa = PBXFileReference; lastKnownFileType = sourcecode.swift; path = SceneDelegate.swift; sourceTree = "<group>"; };
		B0B6866329F1A44E00A56445 /* HeroesListVC.swift */ = {isa = PBXFileReference; lastKnownFileType = sourcecode.swift; path = HeroesListVC.swift; sourceTree = "<group>"; };
		B0B6866629F1A44E00A56445 /* Base */ = {isa = PBXFileReference; lastKnownFileType = file.storyboard; name = Base; path = Base.lproj/Main.storyboard; sourceTree = "<group>"; };
		B0B6866829F1A44F00A56445 /* Assets.xcassets */ = {isa = PBXFileReference; lastKnownFileType = folder.assetcatalog; path = Assets.xcassets; sourceTree = "<group>"; };
		B0B6866B29F1A44F00A56445 /* Base */ = {isa = PBXFileReference; lastKnownFileType = file.storyboard; name = Base; path = Base.lproj/LaunchScreen.storyboard; sourceTree = "<group>"; };
		B0B6866D29F1A44F00A56445 /* Info.plist */ = {isa = PBXFileReference; lastKnownFileType = text.plist.xml; path = Info.plist; sourceTree = "<group>"; };
		B0CD772229FC2D7A00972E8D /* ApiRepo.swift */ = {isa = PBXFileReference; lastKnownFileType = sourcecode.swift; path = ApiRepo.swift; sourceTree = "<group>"; };
		B0CD772429FC3B9400972E8D /* ApiRepo+Heroes.swift */ = {isa = PBXFileReference; lastKnownFileType = sourcecode.swift; path = "ApiRepo+Heroes.swift"; sourceTree = "<group>"; };
		B0CD772C29FC43F600972E8D /* HeroDetailVC.swift */ = {isa = PBXFileReference; lastKnownFileType = sourcecode.swift; path = HeroDetailVC.swift; sourceTree = "<group>"; };
		B0E6BCEB2A0D317E0040C5FA /* HeroesDetailPagerVC.swift */ = {isa = PBXFileReference; lastKnownFileType = sourcecode.swift; path = HeroesDetailPagerVC.swift; sourceTree = "<group>"; };
		B0E6BCED2A0D5A740040C5FA /* HeroSeriesVC.swift */ = {isa = PBXFileReference; lastKnownFileType = sourcecode.swift; path = HeroSeriesVC.swift; sourceTree = "<group>"; };
		B0E6BCEF2A0D5B580040C5FA /* ApiRepo+Series.swift */ = {isa = PBXFileReference; lastKnownFileType = sourcecode.swift; path = "ApiRepo+Series.swift"; sourceTree = "<group>"; };
		B0E6BCF12A0D662A0040C5FA /* ApiRepo+Stories.swift */ = {isa = PBXFileReference; lastKnownFileType = sourcecode.swift; path = "ApiRepo+Stories.swift"; sourceTree = "<group>"; };
		B0E6BCF32A0D66D70040C5FA /* HeroStoriesVC.swift */ = {isa = PBXFileReference; lastKnownFileType = sourcecode.swift; path = HeroStoriesVC.swift; sourceTree = "<group>"; };
/* End PBXFileReference section */

/* Begin PBXFrameworksBuildPhase section */
		B0B6865929F1A44E00A56445 /* Frameworks */ = {
			isa = PBXFrameworksBuildPhase;
			buildActionMask = 2147483647;
			files = (
			);
			runOnlyForDeploymentPostprocessing = 0;
		};
/* End PBXFrameworksBuildPhase section */

/* Begin PBXGroup section */
		B05FDAAE2A041B600097D064 /* Extensions */ = {
			isa = PBXGroup;
			children = (
				B05FDAAF2A041B880097D064 /* View.swift */,
			);
			path = Extensions;
			sourceTree = "<group>";
		};
		B0B6865329F1A44E00A56445 = {
			isa = PBXGroup;
			children = (
				B0B6865E29F1A44E00A56445 /* AA1_Marvel */,
				B0B6865D29F1A44E00A56445 /* Products */,
			);
			sourceTree = "<group>";
		};
		B0B6865D29F1A44E00A56445 /* Products */ = {
			isa = PBXGroup;
			children = (
				B0B6865C29F1A44E00A56445 /* AA1_Marvel.app */,
			);
			name = Products;
			sourceTree = "<group>";
		};
		B0B6865E29F1A44E00A56445 /* AA1_Marvel */ = {
			isa = PBXGroup;
			children = (
				B05FDAAE2A041B600097D064 /* Extensions */,
				B0CD772929FC3CDC00972E8D /* Models */,
				B0CD772829FC3CBB00972E8D /* Components */,
				B0CD772729FC3BD700972E8D /* Views */,
				B0CD772629FC3BA900972E8D /* RepositoryManager */,
				B0B6865F29F1A44E00A56445 /* AppDelegate.swift */,
				B0B6866129F1A44E00A56445 /* SceneDelegate.swift */,
				B0B6866529F1A44E00A56445 /* Main.storyboard */,
				B0B6866829F1A44F00A56445 /* Assets.xcassets */,
				B0B6866A29F1A44F00A56445 /* LaunchScreen.storyboard */,
				B0B6866D29F1A44F00A56445 /* Info.plist */,
			);
			path = AA1_Marvel;
			sourceTree = "<group>";
		};
		B0CD772629FC3BA900972E8D /* RepositoryManager */ = {
			isa = PBXGroup;
			children = (
				B0CD772429FC3B9400972E8D /* ApiRepo+Heroes.swift */,
				B0E6BCEF2A0D5B580040C5FA /* ApiRepo+Series.swift */,
				B0E6BCF12A0D662A0040C5FA /* ApiRepo+Stories.swift */,
				B0391C902A056DDC00A7D450 /* ApiRepo+Comics.swift */,
				B0391C8E2A05568600A7D450 /* MarvelRepository.swift */,
				B0CD772229FC2D7A00972E8D /* ApiRepo.swift */,
			);
			path = RepositoryManager;
			sourceTree = "<group>";
		};
		B0CD772729FC3BD700972E8D /* Views */ = {
			isa = PBXGroup;
			children = (
				B0391C932A05731700A7D450 /* PagerContainer.swift */,
				B0CD772B29FC43CE00972E8D /* VCS */,
				B0CD772A29FC3D0200972E8D /* Cells */,
			);
			path = Views;
			sourceTree = "<group>";
		};
		B0CD772829FC3CBB00972E8D /* Components */ = {
			isa = PBXGroup;
			children = (
				B050900929FAE55D00A3AC7E /* MyImageView.swift */,
			);
			path = Components;
			sourceTree = "<group>";
		};
		B0CD772929FC3CDC00972E8D /* Models */ = {
			isa = PBXGroup;
			children = (
			);
			path = Models;
			sourceTree = "<group>";
		};
		B0CD772A29FC3D0200972E8D /* Cells */ = {
			isa = PBXGroup;
			children = (
				B050900729FAC6EC00A3AC7E /* HeroeCell.swift */,
				B05FDAB12A0420300097D064 /* DataCell.swift */,
			);
			path = Cells;
			sourceTree = "<group>";
		};
		B0CD772B29FC43CE00972E8D /* VCS */ = {
			isa = PBXGroup;
			children = (
				B0B6866329F1A44E00A56445 /* HeroesListVC.swift */,
				B0391C952A057D8900A7D450 /* HeroComicsVC.swift */,
				B0E6BCF32A0D66D70040C5FA /* HeroStoriesVC.swift */,
				B0E6BCED2A0D5A740040C5FA /* HeroSeriesVC.swift */,
				B0E6BCEB2A0D317E0040C5FA /* HeroesDetailPagerVC.swift */,
				B0CD772C29FC43F600972E8D /* HeroDetailVC.swift */,
			);
			path = VCS;
			sourceTree = "<group>";
		};
/* End PBXGroup section */

/* Begin PBXNativeTarget section */
		B0B6865B29F1A44E00A56445 /* AA1_Marvel */ = {
			isa = PBXNativeTarget;
			buildConfigurationList = B0B6867029F1A44F00A56445 /* Build configuration list for PBXNativeTarget "AA1_Marvel" */;
			buildPhases = (
				B0B6865829F1A44E00A56445 /* Sources */,
				B0B6865929F1A44E00A56445 /* Frameworks */,
				B0B6865A29F1A44E00A56445 /* Resources */,
			);
			buildRules = (
			);
			dependencies = (
			);
			name = AA1_Marvel;
			productName = AA1_Marvel;
			productReference = B0B6865C29F1A44E00A56445 /* AA1_Marvel.app */;
			productType = "com.apple.product-type.application";
		};
/* End PBXNativeTarget section */

/* Begin PBXProject section */
		B0B6865429F1A44E00A56445 /* Project object */ = {
			isa = PBXProject;
			attributes = {
				BuildIndependentTargetsInParallel = 1;
				LastSwiftUpdateCheck = 1410;
				LastUpgradeCheck = 1410;
				TargetAttributes = {
					B0B6865B29F1A44E00A56445 = {
						CreatedOnToolsVersion = 14.1;
					};
				};
			};
			buildConfigurationList = B0B6865729F1A44E00A56445 /* Build configuration list for PBXProject "AA1_Marvel" */;
			compatibilityVersion = "Xcode 14.0";
			developmentRegion = en;
			hasScannedForEncodings = 0;
			knownRegions = (
				en,
				Base,
			);
			mainGroup = B0B6865329F1A44E00A56445;
			productRefGroup = B0B6865D29F1A44E00A56445 /* Products */;
			projectDirPath = "";
			projectRoot = "";
			targets = (
				B0B6865B29F1A44E00A56445 /* AA1_Marvel */,
			);
		};
/* End PBXProject section */

/* Begin PBXResourcesBuildPhase section */
		B0B6865A29F1A44E00A56445 /* Resources */ = {
			isa = PBXResourcesBuildPhase;
			buildActionMask = 2147483647;
			files = (
				B0B6866C29F1A44F00A56445 /* LaunchScreen.storyboard in Resources */,
				B0B6866929F1A44F00A56445 /* Assets.xcassets in Resources */,
				B0B6866729F1A44E00A56445 /* Main.storyboard in Resources */,
			);
			runOnlyForDeploymentPostprocessing = 0;
		};
/* End PBXResourcesBuildPhase section */

/* Begin PBXSourcesBuildPhase section */
		B0B6865829F1A44E00A56445 /* Sources */ = {
			isa = PBXSourcesBuildPhase;
			buildActionMask = 2147483647;
			files = (
				B050900A29FAE55D00A3AC7E /* MyImageView.swift in Sources */,
				B0B6866429F1A44E00A56445 /* HeroesListVC.swift in Sources */,
				B0CD772529FC3B9400972E8D /* ApiRepo+Heroes.swift in Sources */,
				B05FDAB22A0420300097D064 /* DataCell.swift in Sources */,
				B0391C962A057D8900A7D450 /* HeroComicsVC.swift in Sources */,
				B0391C912A056DDC00A7D450 /* ApiRepo+Comics.swift in Sources */,
				B0391C8F2A05568600A7D450 /* MarvelRepository.swift in Sources */,
				B0CD772329FC2D7A00972E8D /* ApiRepo.swift in Sources */,
				B0E6BCF02A0D5B580040C5FA /* ApiRepo+Series.swift in Sources */,
				B0B6866029F1A44E00A56445 /* AppDelegate.swift in Sources */,
				B05FDAB02A041B880097D064 /* View.swift in Sources */,
				B0391C942A05731700A7D450 /* PagerContainer.swift in Sources */,
				B0E6BCF22A0D662A0040C5FA /* ApiRepo+Stories.swift in Sources */,
				B0E6BCEC2A0D317E0040C5FA /* HeroesDetailPagerVC.swift in Sources */,
				B050900829FAC6EC00A3AC7E /* HeroeCell.swift in Sources */,
				B0B6866229F1A44E00A56445 /* SceneDelegate.swift in Sources */,
				B0CD772D29FC43F600972E8D /* HeroDetailVC.swift in Sources */,
				B0E6BCEE2A0D5A740040C5FA /* HeroSeriesVC.swift in Sources */,
				B0E6BCF42A0D66D70040C5FA /* HeroStoriesVC.swift in Sources */,
			);
			runOnlyForDeploymentPostprocessing = 0;
		};
/* End PBXSourcesBuildPhase section */

/* Begin PBXVariantGroup section */
		B0B6866529F1A44E00A56445 /* Main.storyboard */ = {
			isa = PBXVariantGroup;
			children = (
				B0B6866629F1A44E00A56445 /* Base */,
			);
			name = Main.storyboard;
			sourceTree = "<group>";
		};
		B0B6866A29F1A44F00A56445 /* LaunchScreen.storyboard */ = {
			isa = PBXVariantGroup;
			children = (
				B0B6866B29F1A44F00A56445 /* Base */,
			);
			name = LaunchScreen.storyboard;
			sourceTree = "<group>";
		};
/* End PBXVariantGroup section */

/* Begin XCBuildConfiguration section */
		B0B6866E29F1A44F00A56445 /* Debug */ = {
			isa = XCBuildConfiguration;
			buildSettings = {
				ALWAYS_SEARCH_USER_PATHS = NO;
				CLANG_ANALYZER_NONNULL = YES;
				CLANG_ANALYZER_NUMBER_OBJECT_CONVERSION = YES_AGGRESSIVE;
				CLANG_CXX_LANGUAGE_STANDARD = "gnu++20";
				CLANG_ENABLE_MODULES = YES;
				CLANG_ENABLE_OBJC_ARC = YES;
				CLANG_ENABLE_OBJC_WEAK = YES;
				CLANG_WARN_BLOCK_CAPTURE_AUTORELEASING = YES;
				CLANG_WARN_BOOL_CONVERSION = YES;
				CLANG_WARN_COMMA = YES;
				CLANG_WARN_CONSTANT_CONVERSION = YES;
				CLANG_WARN_DEPRECATED_OBJC_IMPLEMENTATIONS = YES;
				CLANG_WARN_DIRECT_OBJC_ISA_USAGE = YES_ERROR;
				CLANG_WARN_DOCUMENTATION_COMMENTS = YES;
				CLANG_WARN_EMPTY_BODY = YES;
				CLANG_WARN_ENUM_CONVERSION = YES;
				CLANG_WARN_INFINITE_RECURSION = YES;
				CLANG_WARN_INT_CONVERSION = YES;
				CLANG_WARN_NON_LITERAL_NULL_CONVERSION = YES;
				CLANG_WARN_OBJC_IMPLICIT_RETAIN_SELF = YES;
				CLANG_WARN_OBJC_LITERAL_CONVERSION = YES;
				CLANG_WARN_OBJC_ROOT_CLASS = YES_ERROR;
				CLANG_WARN_QUOTED_INCLUDE_IN_FRAMEWORK_HEADER = YES;
				CLANG_WARN_RANGE_LOOP_ANALYSIS = YES;
				CLANG_WARN_STRICT_PROTOTYPES = YES;
				CLANG_WARN_SUSPICIOUS_MOVE = YES;
				CLANG_WARN_UNGUARDED_AVAILABILITY = YES_AGGRESSIVE;
				CLANG_WARN_UNREACHABLE_CODE = YES;
				CLANG_WARN__DUPLICATE_METHOD_MATCH = YES;
				COPY_PHASE_STRIP = NO;
				DEBUG_INFORMATION_FORMAT = dwarf;
				ENABLE_STRICT_OBJC_MSGSEND = YES;
				ENABLE_TESTABILITY = YES;
				GCC_C_LANGUAGE_STANDARD = gnu11;
				GCC_DYNAMIC_NO_PIC = NO;
				GCC_NO_COMMON_BLOCKS = YES;
				GCC_OPTIMIZATION_LEVEL = 0;
				GCC_PREPROCESSOR_DEFINITIONS = (
					"DEBUG=1",
					"$(inherited)",
				);
				GCC_WARN_64_TO_32_BIT_CONVERSION = YES;
				GCC_WARN_ABOUT_RETURN_TYPE = YES_ERROR;
				GCC_WARN_UNDECLARED_SELECTOR = YES;
				GCC_WARN_UNINITIALIZED_AUTOS = YES_AGGRESSIVE;
				GCC_WARN_UNUSED_FUNCTION = YES;
				GCC_WARN_UNUSED_VARIABLE = YES;
				IPHONEOS_DEPLOYMENT_TARGET = 16.1;
				MTL_ENABLE_DEBUG_INFO = INCLUDE_SOURCE;
				MTL_FAST_MATH = YES;
				ONLY_ACTIVE_ARCH = YES;
				SDKROOT = iphoneos;
				SWIFT_ACTIVE_COMPILATION_CONDITIONS = DEBUG;
				SWIFT_OPTIMIZATION_LEVEL = "-Onone";
			};
			name = Debug;
		};
		B0B6866F29F1A44F00A56445 /* Release */ = {
			isa = XCBuildConfiguration;
			buildSettings = {
				ALWAYS_SEARCH_USER_PATHS = NO;
				CLANG_ANALYZER_NONNULL = YES;
				CLANG_ANALYZER_NUMBER_OBJECT_CONVERSION = YES_AGGRESSIVE;
				CLANG_CXX_LANGUAGE_STANDARD = "gnu++20";
				CLANG_ENABLE_MODULES = YES;
				CLANG_ENABLE_OBJC_ARC = YES;
				CLANG_ENABLE_OBJC_WEAK = YES;
				CLANG_WARN_BLOCK_CAPTURE_AUTORELEASING = YES;
				CLANG_WARN_BOOL_CONVERSION = YES;
				CLANG_WARN_COMMA = YES;
				CLANG_WARN_CONSTANT_CONVERSION = YES;
				CLANG_WARN_DEPRECATED_OBJC_IMPLEMENTATIONS = YES;
				CLANG_WARN_DIRECT_OBJC_ISA_USAGE = YES_ERROR;
				CLANG_WARN_DOCUMENTATION_COMMENTS = YES;
				CLANG_WARN_EMPTY_BODY = YES;
				CLANG_WARN_ENUM_CONVERSION = YES;
				CLANG_WARN_INFINITE_RECURSION = YES;
				CLANG_WARN_INT_CONVERSION = YES;
				CLANG_WARN_NON_LITERAL_NULL_CONVERSION = YES;
				CLANG_WARN_OBJC_IMPLICIT_RETAIN_SELF = YES;
				CLANG_WARN_OBJC_LITERAL_CONVERSION = YES;
				CLANG_WARN_OBJC_ROOT_CLASS = YES_ERROR;
				CLANG_WARN_QUOTED_INCLUDE_IN_FRAMEWORK_HEADER = YES;
				CLANG_WARN_RANGE_LOOP_ANALYSIS = YES;
				CLANG_WARN_STRICT_PROTOTYPES = YES;
				CLANG_WARN_SUSPICIOUS_MOVE = YES;
				CLANG_WARN_UNGUARDED_AVAILABILITY = YES_AGGRESSIVE;
				CLANG_WARN_UNREACHABLE_CODE = YES;
				CLANG_WARN__DUPLICATE_METHOD_MATCH = YES;
				COPY_PHASE_STRIP = NO;
				DEBUG_INFORMATION_FORMAT = "dwarf-with-dsym";
				ENABLE_NS_ASSERTIONS = NO;
				ENABLE_STRICT_OBJC_MSGSEND = YES;
				GCC_C_LANGUAGE_STANDARD = gnu11;
				GCC_NO_COMMON_BLOCKS = YES;
				GCC_WARN_64_TO_32_BIT_CONVERSION = YES;
				GCC_WARN_ABOUT_RETURN_TYPE = YES_ERROR;
				GCC_WARN_UNDECLARED_SELECTOR = YES;
				GCC_WARN_UNINITIALIZED_AUTOS = YES_AGGRESSIVE;
				GCC_WARN_UNUSED_FUNCTION = YES;
				GCC_WARN_UNUSED_VARIABLE = YES;
				IPHONEOS_DEPLOYMENT_TARGET = 16.1;
				MTL_ENABLE_DEBUG_INFO = NO;
				MTL_FAST_MATH = YES;
				SDKROOT = iphoneos;
				SWIFT_COMPILATION_MODE = wholemodule;
				SWIFT_OPTIMIZATION_LEVEL = "-O";
				VALIDATE_PRODUCT = YES;
			};
			name = Release;
		};
		B0B6867129F1A44F00A56445 /* Debug */ = {
			isa = XCBuildConfiguration;
			buildSettings = {
				ASSETCATALOG_COMPILER_APPICON_NAME = AppIcon;
				ASSETCATALOG_COMPILER_GLOBAL_ACCENT_COLOR_NAME = AccentColor;
				CODE_SIGN_STYLE = Automatic;
				CURRENT_PROJECT_VERSION = 1;
				GENERATE_INFOPLIST_FILE = YES;
				INFOPLIST_FILE = AA1_Marvel/Info.plist;
				INFOPLIST_KEY_UIApplicationSupportsIndirectInputEvents = YES;
				INFOPLIST_KEY_UILaunchStoryboardName = LaunchScreen;
				INFOPLIST_KEY_UIMainStoryboardFile = Main;
				INFOPLIST_KEY_UISupportedInterfaceOrientations_iPad = "UIInterfaceOrientationPortrait UIInterfaceOrientationPortraitUpsideDown UIInterfaceOrientationLandscapeLeft UIInterfaceOrientationLandscapeRight";
				INFOPLIST_KEY_UISupportedInterfaceOrientations_iPhone = "UIInterfaceOrientationPortrait UIInterfaceOrientationLandscapeLeft UIInterfaceOrientationLandscapeRight";
				LD_RUNPATH_SEARCH_PATHS = (
					"$(inherited)",
					"@executable_path/Frameworks",
				);
				MARKETING_VERSION = 1.0;
				PRODUCT_BUNDLE_IDENTIFIER = "es.enti.elisabethmateu.AA1-Marvel";
				PRODUCT_NAME = "$(TARGET_NAME)";
				SWIFT_EMIT_LOC_STRINGS = YES;
				SWIFT_VERSION = 5.0;
				TARGETED_DEVICE_FAMILY = "1,2";
			};
			name = Debug;
		};
		B0B6867229F1A44F00A56445 /* Release */ = {
			isa = XCBuildConfiguration;
			buildSettings = {
				ASSETCATALOG_COMPILER_APPICON_NAME = AppIcon;
				ASSETCATALOG_COMPILER_GLOBAL_ACCENT_COLOR_NAME = AccentColor;
				CODE_SIGN_STYLE = Automatic;
				CURRENT_PROJECT_VERSION = 1;
				GENERATE_INFOPLIST_FILE = YES;
				INFOPLIST_FILE = AA1_Marvel/Info.plist;
				INFOPLIST_KEY_UIApplicationSupportsIndirectInputEvents = YES;
				INFOPLIST_KEY_UILaunchStoryboardName = LaunchScreen;
				INFOPLIST_KEY_UIMainStoryboardFile = Main;
				INFOPLIST_KEY_UISupportedInterfaceOrientations_iPad = "UIInterfaceOrientationPortrait UIInterfaceOrientationPortraitUpsideDown UIInterfaceOrientationLandscapeLeft UIInterfaceOrientationLandscapeRight";
				INFOPLIST_KEY_UISupportedInterfaceOrientations_iPhone = "UIInterfaceOrientationPortrait UIInterfaceOrientationLandscapeLeft UIInterfaceOrientationLandscapeRight";
				LD_RUNPATH_SEARCH_PATHS = (
					"$(inherited)",
					"@executable_path/Frameworks",
				);
				MARKETING_VERSION = 1.0;
				PRODUCT_BUNDLE_IDENTIFIER = "es.enti.elisabethmateu.AA1-Marvel";
				PRODUCT_NAME = "$(TARGET_NAME)";
				SWIFT_EMIT_LOC_STRINGS = YES;
				SWIFT_VERSION = 5.0;
				TARGETED_DEVICE_FAMILY = "1,2";
			};
			name = Release;
		};
/* End XCBuildConfiguration section */

/* Begin XCConfigurationList section */
		B0B6865729F1A44E00A56445 /* Build configuration list for PBXProject "AA1_Marvel" */ = {
			isa = XCConfigurationList;
			buildConfigurations = (
				B0B6866E29F1A44F00A56445 /* Debug */,
				B0B6866F29F1A44F00A56445 /* Release */,
			);
			defaultConfigurationIsVisible = 0;
			defaultConfigurationName = Release;
		};
		B0B6867029F1A44F00A56445 /* Build configuration list for PBXNativeTarget "AA1_Marvel" */ = {
			isa = XCConfigurationList;
			buildConfigurations = (
				B0B6867129F1A44F00A56445 /* Debug */,
				B0B6867229F1A44F00A56445 /* Release */,
			);
			defaultConfigurationIsVisible = 0;
			defaultConfigurationName = Release;
		};
/* End XCConfigurationList section */
	};
	rootObject = B0B6865429F1A44E00A56445 /* Project object */;
}
